// !$*UTF8*$!
{
	archiveVersion = 1;
	classes = {
	};
	objectVersion = 55;
	objects = {

/* Begin PBXBuildFile section */
		275EA4342746C46500ED6299 /* UserFriendlistApp.swift in Sources */ = {isa = PBXBuildFile; fileRef = 275EA4332746C46500ED6299 /* UserFriendlistApp.swift */; };
		275EA4362746C46500ED6299 /* ContentView.swift in Sources */ = {isa = PBXBuildFile; fileRef = 275EA4352746C46500ED6299 /* ContentView.swift */; };
		275EA4382746C46800ED6299 /* Assets.xcassets in Resources */ = {isa = PBXBuildFile; fileRef = 275EA4372746C46800ED6299 /* Assets.xcassets */; };
		275EA43B2746C46800ED6299 /* Preview Assets.xcassets in Resources */ = {isa = PBXBuildFile; fileRef = 275EA43A2746C46800ED6299 /* Preview Assets.xcassets */; };
		275EA43D2746C46800ED6299 /* Persistence.swift in Sources */ = {isa = PBXBuildFile; fileRef = 275EA43C2746C46800ED6299 /* Persistence.swift */; };
		275EA4402746C46800ED6299 /* UserFriendlist.xcdatamodeld in Sources */ = {isa = PBXBuildFile; fileRef = 275EA43E2746C46800ED6299 /* UserFriendlist.xcdatamodeld */; };
		278370F22747AE2800829A56 /* UserViewModel.swift in Sources */ = {isa = PBXBuildFile; fileRef = 278370F12747AE2800829A56 /* UserViewModel.swift */; };
		278370F72747B95A00829A56 /* User+CoreDataClass.swift in Sources */ = {isa = PBXBuildFile; fileRef = 278370F32747B95A00829A56 /* User+CoreDataClass.swift */; };
		278370F82747B95A00829A56 /* User+CoreDataProperties.swift in Sources */ = {isa = PBXBuildFile; fileRef = 278370F42747B95A00829A56 /* User+CoreDataProperties.swift */; };
		278370F92747B95A00829A56 /* Friend+CoreDataClass.swift in Sources */ = {isa = PBXBuildFile; fileRef = 278370F52747B95A00829A56 /* Friend+CoreDataClass.swift */; };
		278370FA2747B95A00829A56 /* Friend+CoreDataProperties.swift in Sources */ = {isa = PBXBuildFile; fileRef = 278370F62747B95A00829A56 /* Friend+CoreDataProperties.swift */; };
		278371042748014600829A56 /* UserDetailView.swift in Sources */ = {isa = PBXBuildFile; fileRef = 278371032748014600829A56 /* UserDetailView.swift */; };
		27879B842746CAFA00FE22CA /* Readme.md in Resources */ = {isa = PBXBuildFile; fileRef = 27879B832746CAFA00FE22CA /* Readme.md */; };
/* End PBXBuildFile section */

/* Begin PBXFileReference section */
		275EA4302746C46500ED6299 /* UserFriendlist.app */ = {isa = PBXFileReference; explicitFileType = wrapper.application; includeInIndex = 0; path = UserFriendlist.app; sourceTree = BUILT_PRODUCTS_DIR; };
		275EA4332746C46500ED6299 /* UserFriendlistApp.swift */ = {isa = PBXFileReference; lastKnownFileType = sourcecode.swift; path = UserFriendlistApp.swift; sourceTree = "<group>"; };
		275EA4352746C46500ED6299 /* ContentView.swift */ = {isa = PBXFileReference; lastKnownFileType = sourcecode.swift; path = ContentView.swift; sourceTree = "<group>"; };
		275EA4372746C46800ED6299 /* Assets.xcassets */ = {isa = PBXFileReference; lastKnownFileType = folder.assetcatalog; path = Assets.xcassets; sourceTree = "<group>"; };
		275EA43A2746C46800ED6299 /* Preview Assets.xcassets */ = {isa = PBXFileReference; lastKnownFileType = folder.assetcatalog; path = "Preview Assets.xcassets"; sourceTree = "<group>"; };
		275EA43C2746C46800ED6299 /* Persistence.swift */ = {isa = PBXFileReference; lastKnownFileType = sourcecode.swift; path = Persistence.swift; sourceTree = "<group>"; };
		275EA43F2746C46800ED6299 /* UserFriendlist.xcdatamodel */ = {isa = PBXFileReference; lastKnownFileType = wrapper.xcdatamodel; path = UserFriendlist.xcdatamodel; sourceTree = "<group>"; };
		278370F12747AE2800829A56 /* UserViewModel.swift */ = {isa = PBXFileReference; lastKnownFileType = sourcecode.swift; path = UserViewModel.swift; sourceTree = "<group>"; };
		278370F32747B95A00829A56 /* User+CoreDataClass.swift */ = {isa = PBXFileReference; lastKnownFileType = sourcecode.swift; path = "User+CoreDataClass.swift"; sourceTree = "<group>"; };
		278370F42747B95A00829A56 /* User+CoreDataProperties.swift */ = {isa = PBXFileReference; lastKnownFileType = sourcecode.swift; path = "User+CoreDataProperties.swift"; sourceTree = "<group>"; };
		278370F52747B95A00829A56 /* Friend+CoreDataClass.swift */ = {isa = PBXFileReference; lastKnownFileType = sourcecode.swift; path = "Friend+CoreDataClass.swift"; sourceTree = "<group>"; };
		278370F62747B95A00829A56 /* Friend+CoreDataProperties.swift */ = {isa = PBXFileReference; lastKnownFileType = sourcecode.swift; path = "Friend+CoreDataProperties.swift"; sourceTree = "<group>"; };
		278371032748014600829A56 /* UserDetailView.swift */ = {isa = PBXFileReference; lastKnownFileType = sourcecode.swift; path = UserDetailView.swift; sourceTree = "<group>"; };
		27879B832746CAFA00FE22CA /* Readme.md */ = {isa = PBXFileReference; fileEncoding = 4; lastKnownFileType = net.daringfireball.markdown; path = Readme.md; sourceTree = SOURCE_ROOT; };
/* End PBXFileReference section */

/* Begin PBXFrameworksBuildPhase section */
		275EA42D2746C46500ED6299 /* Frameworks */ = {
			isa = PBXFrameworksBuildPhase;
			buildActionMask = 2147483647;
			files = (
			);
			runOnlyForDeploymentPostprocessing = 0;
		};
/* End PBXFrameworksBuildPhase section */

/* Begin PBXGroup section */
		275EA4272746C46500ED6299 = {
			isa = PBXGroup;
			children = (
				275EA4322746C46500ED6299 /* UserFriendlist */,
				275EA4312746C46500ED6299 /* Products */,
			);
			sourceTree = "<group>";
		};
		275EA4312746C46500ED6299 /* Products */ = {
			isa = PBXGroup;
			children = (
				275EA4302746C46500ED6299 /* UserFriendlist.app */,
			);
			name = Products;
			sourceTree = "<group>";
		};
		275EA4322746C46500ED6299 /* UserFriendlist */ = {
			isa = PBXGroup;
			children = (
				278370EF274795F400829A56 /* Helpers */,
				278370F02747960200829A56 /* Models */,
				278370EE274795E700829A56 /* Views */,
				275EA4332746C46500ED6299 /* UserFriendlistApp.swift */,
				275EA4372746C46800ED6299 /* Assets.xcassets */,
				275EA43C2746C46800ED6299 /* Persistence.swift */,
				275EA43E2746C46800ED6299 /* UserFriendlist.xcdatamodeld */,
				275EA4392746C46800ED6299 /* Preview Content */,
				27879B832746CAFA00FE22CA /* Readme.md */,
			);
			path = UserFriendlist;
			sourceTree = "<group>";
		};
		275EA4392746C46800ED6299 /* Preview Content */ = {
			isa = PBXGroup;
			children = (
				275EA43A2746C46800ED6299 /* Preview Assets.xcassets */,
			);
			path = "Preview Content";
			sourceTree = "<group>";
		};
		278370EE274795E700829A56 /* Views */ = {
			isa = PBXGroup;
			children = (
				275EA4352746C46500ED6299 /* ContentView.swift */,
				278371032748014600829A56 /* UserDetailView.swift */,
			);
			path = Views;
			sourceTree = "<group>";
		};
		278370EF274795F400829A56 /* Helpers */ = {
			isa = PBXGroup;
			children = (
			);
			path = Helpers;
			sourceTree = "<group>";
		};
		278370F02747960200829A56 /* Models */ = {
			isa = PBXGroup;
			children = (
				278370FB2747B96000829A56 /* Friend */,
				278370FC2747B96800829A56 /* User */,
				278370F12747AE2800829A56 /* UserViewModel.swift */,
			);
			path = Models;
			sourceTree = "<group>";
		};
		278370FB2747B96000829A56 /* Friend */ = {
			isa = PBXGroup;
			children = (
				278370F52747B95A00829A56 /* Friend+CoreDataClass.swift */,
				278370F62747B95A00829A56 /* Friend+CoreDataProperties.swift */,
			);
			path = Friend;
			sourceTree = "<group>";
		};
		278370FC2747B96800829A56 /* User */ = {
			isa = PBXGroup;
			children = (
				278370F32747B95A00829A56 /* User+CoreDataClass.swift */,
				278370F42747B95A00829A56 /* User+CoreDataProperties.swift */,
			);
			path = User;
			sourceTree = "<group>";
		};
/* End PBXGroup section */

/* Begin PBXNativeTarget section */
		275EA42F2746C46500ED6299 /* UserFriendlist */ = {
			isa = PBXNativeTarget;
			buildConfigurationList = 275EA4432746C46800ED6299 /* Build configuration list for PBXNativeTarget "UserFriendlist" */;
			buildPhases = (
				275EA42C2746C46500ED6299 /* Sources */,
				275EA42D2746C46500ED6299 /* Frameworks */,
				275EA42E2746C46500ED6299 /* Resources */,
			);
			buildRules = (
			);
			dependencies = (
			);
			name = UserFriendlist;
			productName = UserFriendlist;
			productReference = 275EA4302746C46500ED6299 /* UserFriendlist.app */;
			productType = "com.apple.product-type.application";
		};
/* End PBXNativeTarget section */

/* Begin PBXProject section */
		275EA4282746C46500ED6299 /* Project object */ = {
			isa = PBXProject;
			attributes = {
				BuildIndependentTargetsInParallel = 1;
				LastSwiftUpdateCheck = 1310;
				LastUpgradeCheck = 1310;
				TargetAttributes = {
					275EA42F2746C46500ED6299 = {
						CreatedOnToolsVersion = 13.1;
					};
				};
			};
			buildConfigurationList = 275EA42B2746C46500ED6299 /* Build configuration list for PBXProject "UserFriendlist" */;
			compatibilityVersion = "Xcode 13.0";
			developmentRegion = en;
			hasScannedForEncodings = 0;
			knownRegions = (
				en,
				Base,
			);
			mainGroup = 275EA4272746C46500ED6299;
			productRefGroup = 275EA4312746C46500ED6299 /* Products */;
			projectDirPath = "";
			projectRoot = "";
			targets = (
				275EA42F2746C46500ED6299 /* UserFriendlist */,
			);
		};
/* End PBXProject section */

/* Begin PBXResourcesBuildPhase section */
		275EA42E2746C46500ED6299 /* Resources */ = {
			isa = PBXResourcesBuildPhase;
			buildActionMask = 2147483647;
			files = (
				275EA43B2746C46800ED6299 /* Preview Assets.xcassets in Resources */,
				275EA4382746C46800ED6299 /* Assets.xcassets in Resources */,
				27879B842746CAFA00FE22CA /* Readme.md in Resources */,
			);
			runOnlyForDeploymentPostprocessing = 0;
		};
/* End PBXResourcesBuildPhase section */

/* Begin PBXSourcesBuildPhase section */
		275EA42C2746C46500ED6299 /* Sources */ = {
			isa = PBXSourcesBuildPhase;
			buildActionMask = 2147483647;
			files = (
				275EA43D2746C46800ED6299 /* Persistence.swift in Sources */,
				278370F92747B95A00829A56 /* Friend+CoreDataClass.swift in Sources */,
				278370FA2747B95A00829A56 /* Friend+CoreDataProperties.swift in Sources */,
				275EA4362746C46500ED6299 /* ContentView.swift in Sources */,
				278370F72747B95A00829A56 /* User+CoreDataClass.swift in Sources */,
				278370F82747B95A00829A56 /* User+CoreDataProperties.swift in Sources */,
				275EA4402746C46800ED6299 /* UserFriendlist.xcdatamodeld in Sources */,
				278370F22747AE2800829A56 /* UserViewModel.swift in Sources */,
				278371042748014600829A56 /* UserDetailView.swift in Sources */,
				275EA4342746C46500ED6299 /* UserFriendlistApp.swift in Sources */,
			);
			runOnlyForDeploymentPostprocessing = 0;
		};
/* End PBXSourcesBuildPhase section */

/* Begin XCBuildConfiguration section */
		275EA4412746C46800ED6299 /* Debug */ = {
			isa = XCBuildConfiguration;
			buildSettings = {
				ALWAYS_SEARCH_USER_PATHS = NO;
				CLANG_ANALYZER_NONNULL = YES;
				CLANG_ANALYZER_NUMBER_OBJECT_CONVERSION = YES_AGGRESSIVE;
				CLANG_CXX_LANGUAGE_STANDARD = "gnu++17";
				CLANG_CXX_LIBRARY = "libc++";
				CLANG_ENABLE_MODULES = YES;
				CLANG_ENABLE_OBJC_ARC = YES;
				CLANG_ENABLE_OBJC_WEAK = YES;
				CLANG_WARN_BLOCK_CAPTURE_AUTORELEASING = YES;
				CLANG_WARN_BOOL_CONVERSION = YES;
				CLANG_WARN_COMMA = YES;
				CLANG_WARN_CONSTANT_CONVERSION = YES;
				CLANG_WARN_DEPRECATED_OBJC_IMPLEMENTATIONS = YES;
				CLANG_WARN_DIRECT_OBJC_ISA_USAGE = YES_ERROR;
				CLANG_WARN_DOCUMENTATION_COMMENTS = YES;
				CLANG_WARN_EMPTY_BODY = YES;
				CLANG_WARN_ENUM_CONVERSION = YES;
				CLANG_WARN_INFINITE_RECURSION = YES;
				CLANG_WARN_INT_CONVERSION = YES;
				CLANG_WARN_NON_LITERAL_NULL_CONVERSION = YES;
				CLANG_WARN_OBJC_IMPLICIT_RETAIN_SELF = YES;
				CLANG_WARN_OBJC_LITERAL_CONVERSION = YES;
				CLANG_WARN_OBJC_ROOT_CLASS = YES_ERROR;
				CLANG_WARN_QUOTED_INCLUDE_IN_FRAMEWORK_HEADER = YES;
				CLANG_WARN_RANGE_LOOP_ANALYSIS = YES;
				CLANG_WARN_STRICT_PROTOTYPES = YES;
				CLANG_WARN_SUSPICIOUS_MOVE = YES;
				CLANG_WARN_UNGUARDED_AVAILABILITY = YES_AGGRESSIVE;
				CLANG_WARN_UNREACHABLE_CODE = YES;
				CLANG_WARN__DUPLICATE_METHOD_MATCH = YES;
				COPY_PHASE_STRIP = NO;
				DEBUG_INFORMATION_FORMAT = dwarf;
				ENABLE_STRICT_OBJC_MSGSEND = YES;
				ENABLE_TESTABILITY = YES;
				GCC_C_LANGUAGE_STANDARD = gnu11;
				GCC_DYNAMIC_NO_PIC = NO;
				GCC_NO_COMMON_BLOCKS = YES;
				GCC_OPTIMIZATION_LEVEL = 0;
				GCC_PREPROCESSOR_DEFINITIONS = (
					"DEBUG=1",
					"$(inherited)",
				);
				GCC_WARN_64_TO_32_BIT_CONVERSION = YES;
				GCC_WARN_ABOUT_RETURN_TYPE = YES_ERROR;
				GCC_WARN_UNDECLARED_SELECTOR = YES;
				GCC_WARN_UNINITIALIZED_AUTOS = YES_AGGRESSIVE;
				GCC_WARN_UNUSED_FUNCTION = YES;
				GCC_WARN_UNUSED_VARIABLE = YES;
				IPHONEOS_DEPLOYMENT_TARGET = 15.0;
				MTL_ENABLE_DEBUG_INFO = INCLUDE_SOURCE;
				MTL_FAST_MATH = YES;
				ONLY_ACTIVE_ARCH = YES;
				SDKROOT = iphoneos;
				SWIFT_ACTIVE_COMPILATION_CONDITIONS = DEBUG;
				SWIFT_OPTIMIZATION_LEVEL = "-Onone";
			};
			name = Debug;
		};
		275EA4422746C46800ED6299 /* Release */ = {
			isa = XCBuildConfiguration;
			buildSettings = {
				ALWAYS_SEARCH_USER_PATHS = NO;
				CLANG_ANALYZER_NONNULL = YES;
				CLANG_ANALYZER_NUMBER_OBJECT_CONVERSION = YES_AGGRESSIVE;
				CLANG_CXX_LANGUAGE_STANDARD = "gnu++17";
				CLANG_CXX_LIBRARY = "libc++";
				CLANG_ENABLE_MODULES = YES;
				CLANG_ENABLE_OBJC_ARC = YES;
				CLANG_ENABLE_OBJC_WEAK = YES;
				CLANG_WARN_BLOCK_CAPTURE_AUTORELEASING = YES;
				CLANG_WARN_BOOL_CONVERSION = YES;
				CLANG_WARN_COMMA = YES;
				CLANG_WARN_CONSTANT_CONVERSION = YES;
				CLANG_WARN_DEPRECATED_OBJC_IMPLEMENTATIONS = YES;
				CLANG_WARN_DIRECT_OBJC_ISA_USAGE = YES_ERROR;
				CLANG_WARN_DOCUMENTATION_COMMENTS = YES;
				CLANG_WARN_EMPTY_BODY = YES;
				CLANG_WARN_ENUM_CONVERSION = YES;
				CLANG_WARN_INFINITE_RECURSION = YES;
				CLANG_WARN_INT_CONVERSION = YES;
				CLANG_WARN_NON_LITERAL_NULL_CONVERSION = YES;
				CLANG_WARN_OBJC_IMPLICIT_RETAIN_SELF = YES;
				CLANG_WARN_OBJC_LITERAL_CONVERSION = YES;
				CLANG_WARN_OBJC_ROOT_CLASS = YES_ERROR;
				CLANG_WARN_QUOTED_INCLUDE_IN_FRAMEWORK_HEADER = YES;
				CLANG_WARN_RANGE_LOOP_ANALYSIS = YES;
				CLANG_WARN_STRICT_PROTOTYPES = YES;
				CLANG_WARN_SUSPICIOUS_MOVE = YES;
				CLANG_WARN_UNGUARDED_AVAILABILITY = YES_AGGRESSIVE;
				CLANG_WARN_UNREACHABLE_CODE = YES;
				CLANG_WARN__DUPLICATE_METHOD_MATCH = YES;
				COPY_PHASE_STRIP = NO;
				DEBUG_INFORMATION_FORMAT = "dwarf-with-dsym";
				ENABLE_NS_ASSERTIONS = NO;
				ENABLE_STRICT_OBJC_MSGSEND = YES;
				GCC_C_LANGUAGE_STANDARD = gnu11;
				GCC_NO_COMMON_BLOCKS = YES;
				GCC_WARN_64_TO_32_BIT_CONVERSION = YES;
				GCC_WARN_ABOUT_RETURN_TYPE = YES_ERROR;
				GCC_WARN_UNDECLARED_SELECTOR = YES;
				GCC_WARN_UNINITIALIZED_AUTOS = YES_AGGRESSIVE;
				GCC_WARN_UNUSED_FUNCTION = YES;
				GCC_WARN_UNUSED_VARIABLE = YES;
				IPHONEOS_DEPLOYMENT_TARGET = 15.0;
				MTL_ENABLE_DEBUG_INFO = NO;
				MTL_FAST_MATH = YES;
				SDKROOT = iphoneos;
				SWIFT_COMPILATION_MODE = wholemodule;
				SWIFT_OPTIMIZATION_LEVEL = "-O";
				VALIDATE_PRODUCT = YES;
			};
			name = Release;
		};
		275EA4442746C46800ED6299 /* Debug */ = {
			isa = XCBuildConfiguration;
			buildSettings = {
				ASSETCATALOG_COMPILER_APPICON_NAME = AppIcon;
				ASSETCATALOG_COMPILER_GLOBAL_ACCENT_COLOR_NAME = AccentColor;
				CODE_SIGN_STYLE = Automatic;
				CURRENT_PROJECT_VERSION = 1;
				DEVELOPMENT_ASSET_PATHS = "\"UserFriendlist/Preview Content\"";
				DEVELOPMENT_TEAM = 95Q5YEGF4A;
				ENABLE_PREVIEWS = YES;
				GENERATE_INFOPLIST_FILE = YES;
				INFOPLIST_KEY_UIApplicationSceneManifest_Generation = YES;
				INFOPLIST_KEY_UIApplicationSupportsIndirectInputEvents = YES;
				INFOPLIST_KEY_UILaunchScreen_Generation = YES;
				INFOPLIST_KEY_UISupportedInterfaceOrientations_iPad = "UIInterfaceOrientationPortrait UIInterfaceOrientationPortraitUpsideDown UIInterfaceOrientationLandscapeLeft UIInterfaceOrientationLandscapeRight";
				INFOPLIST_KEY_UISupportedInterfaceOrientations_iPhone = "UIInterfaceOrientationPortrait UIInterfaceOrientationLandscapeLeft UIInterfaceOrientationLandscapeRight";
				LD_RUNPATH_SEARCH_PATHS = (
					"$(inherited)",
					"@executable_path/Frameworks",
				);
				MARKETING_VERSION = 1.0;
				PRODUCT_BUNDLE_IDENTIFIER = pattest.UserFriendlist;
				PRODUCT_NAME = "$(TARGET_NAME)";
				SWIFT_EMIT_LOC_STRINGS = YES;
				SWIFT_VERSION = 5.0;
				TARGETED_DEVICE_FAMILY = "1,2";
			};
			name = Debug;
		};
		275EA4452746C46800ED6299 /* Release */ = {
			isa = XCBuildConfiguration;
			buildSettings = {
				ASSETCATALOG_COMPILER_APPICON_NAME = AppIcon;
				ASSETCATALOG_COMPILER_GLOBAL_ACCENT_COLOR_NAME = AccentColor;
				CODE_SIGN_STYLE = Automatic;
				CURRENT_PROJECT_VERSION = 1;
				DEVELOPMENT_ASSET_PATHS = "\"UserFriendlist/Preview Content\"";
				DEVELOPMENT_TEAM = 95Q5YEGF4A;
				ENABLE_PREVIEWS = YES;
				GENERATE_INFOPLIST_FILE = YES;
				INFOPLIST_KEY_UIApplicationSceneManifest_Generation = YES;
				INFOPLIST_KEY_UIApplicationSupportsIndirectInputEvents = YES;
				INFOPLIST_KEY_UILaunchScreen_Generation = YES;
				INFOPLIST_KEY_UISupportedInterfaceOrientations_iPad = "UIInterfaceOrientationPortrait UIInterfaceOrientationPortraitUpsideDown UIInterfaceOrientationLandscapeLeft UIInterfaceOrientationLandscapeRight";
				INFOPLIST_KEY_UISupportedInterfaceOrientations_iPhone = "UIInterfaceOrientationPortrait UIInterfaceOrientationLandscapeLeft UIInterfaceOrientationLandscapeRight";
				LD_RUNPATH_SEARCH_PATHS = (
					"$(inherited)",
					"@executable_path/Frameworks",
				);
				MARKETING_VERSION = 1.0;
				PRODUCT_BUNDLE_IDENTIFIER = pattest.UserFriendlist;
				PRODUCT_NAME = "$(TARGET_NAME)";
				SWIFT_EMIT_LOC_STRINGS = YES;
				SWIFT_VERSION = 5.0;
				TARGETED_DEVICE_FAMILY = "1,2";
			};
			name = Release;
		};
/* End XCBuildConfiguration section */

/* Begin XCConfigurationList section */
		275EA42B2746C46500ED6299 /* Build configuration list for PBXProject "UserFriendlist" */ = {
			isa = XCConfigurationList;
			buildConfigurations = (
				275EA4412746C46800ED6299 /* Debug */,
				275EA4422746C46800ED6299 /* Release */,
			);
			defaultConfigurationIsVisible = 0;
			defaultConfigurationName = Release;
		};
		275EA4432746C46800ED6299 /* Build configuration list for PBXNativeTarget "UserFriendlist" */ = {
			isa = XCConfigurationList;
			buildConfigurations = (
				275EA4442746C46800ED6299 /* Debug */,
				275EA4452746C46800ED6299 /* Release */,
			);
			defaultConfigurationIsVisible = 0;
			defaultConfigurationName = Release;
		};
/* End XCConfigurationList section */

/* Begin XCVersionGroup section */
		275EA43E2746C46800ED6299 /* UserFriendlist.xcdatamodeld */ = {
			isa = XCVersionGroup;
			children = (
				275EA43F2746C46800ED6299 /* UserFriendlist.xcdatamodel */,
			);
			currentVersion = 275EA43F2746C46800ED6299 /* UserFriendlist.xcdatamodel */;
			path = UserFriendlist.xcdatamodeld;
			sourceTree = "<group>";
			versionGroupType = wrapper.xcdatamodel;
		};
/* End XCVersionGroup section */
	};
	rootObject = 275EA4282746C46500ED6299 /* Project object */;
}
